// !$*UTF8*$!
{
	archiveVersion = 1;
	classes = {
	};
	objectVersion = 46;
	objects = {

/* Begin PBXBuildFile section */
		BB9FA834F555F483B4DD3CFC /* Pods.framework in Frameworks */ = {isa = PBXBuildFile; fileRef = D14C1141B13E3CE8B2CA430E /* Pods.framework */; };
		D22026061C56263B00A47FE0 /* UINavigationBar+Awesome.m in Sources */ = {isa = PBXBuildFile; fileRef = D22025B01C56263B00A47FE0 /* UINavigationBar+Awesome.m */; };
		D22026071C56263B00A47FE0 /* GradientView.m in Sources */ = {isa = PBXBuildFile; fileRef = D22025B31C56263B00A47FE0 /* GradientView.m */; };
		D22026081C56263B00A47FE0 /* JSAnimatedImagesView.m in Sources */ = {isa = PBXBuildFile; fileRef = D22025B71C56263B00A47FE0 /* JSAnimatedImagesView.m */; };
		D22026091C56263B00A47FE0 /* MSWeakTimer.m in Sources */ = {isa = PBXBuildFile; fileRef = D22025BA1C56263B00A47FE0 /* MSWeakTimer.m */; };
		D220260A1C56263B00A47FE0 /* myUILabel.m in Sources */ = {isa = PBXBuildFile; fileRef = D22025BD1C56263B00A47FE0 /* myUILabel.m */; };
		D220260B1C56263B00A47FE0 /* ParallaxHeaderView.m in Sources */ = {isa = PBXBuildFile; fileRef = D22025BF1C56263B00A47FE0 /* ParallaxHeaderView.m */; };
		D220260C1C56263B00A47FE0 /* UIImage+ImageEffects.m in Sources */ = {isa = PBXBuildFile; fileRef = D22025C11C56263B00A47FE0 /* UIImage+ImageEffects.m */; };
		D220260D1C56263B00A47FE0 /* LICENSE in Resources */ = {isa = PBXBuildFile; fileRef = D22025C41C56263B00A47FE0 /* LICENSE */; };
		D220260E1C56263B00A47FE0 /* PNBar.m in Sources */ = {isa = PBXBuildFile; fileRef = D22025C71C56263B00A47FE0 /* PNBar.m */; };
		D220260F1C56263B00A47FE0 /* PNBarChart.m in Sources */ = {isa = PBXBuildFile; fileRef = D22025C91C56263B00A47FE0 /* PNBarChart.m */; };
		D22026101C56263B00A47FE0 /* PNChartLabel.m in Sources */ = {isa = PBXBuildFile; fileRef = D22025CD1C56263B00A47FE0 /* PNChartLabel.m */; };
		D22026111C56263B00A47FE0 /* PNCircleChart.m in Sources */ = {isa = PBXBuildFile; fileRef = D22025CF1C56263B00A47FE0 /* PNCircleChart.m */; };
		D22026121C56263B00A47FE0 /* PNColor.m in Sources */ = {isa = PBXBuildFile; fileRef = D22025D11C56263B00A47FE0 /* PNColor.m */; };
		D22026131C56263B00A47FE0 /* PNGenericChart.m in Sources */ = {isa = PBXBuildFile; fileRef = D22025D31C56263B00A47FE0 /* PNGenericChart.m */; };
		D22026141C56263B00A47FE0 /* PNLineChart.m in Sources */ = {isa = PBXBuildFile; fileRef = D22025D51C56263B00A47FE0 /* PNLineChart.m */; };
		D22026151C56263B00A47FE0 /* PNLineChartData.m in Sources */ = {isa = PBXBuildFile; fileRef = D22025D71C56263B00A47FE0 /* PNLineChartData.m */; };
		D22026161C56263B00A47FE0 /* PNLineChartDataItem.m in Sources */ = {isa = PBXBuildFile; fileRef = D22025D91C56263B00A47FE0 /* PNLineChartDataItem.m */; };
		D22026171C56263B00A47FE0 /* PNPieChart.m in Sources */ = {isa = PBXBuildFile; fileRef = D22025DB1C56263B00A47FE0 /* PNPieChart.m */; };
		D22026181C56263B00A47FE0 /* PNPieChartDataItem.m in Sources */ = {isa = PBXBuildFile; fileRef = D22025DD1C56263B00A47FE0 /* PNPieChartDataItem.m */; };
		D22026191C56263B00A47FE0 /* PNRadarChart.m in Sources */ = {isa = PBXBuildFile; fileRef = D22025DF1C56263B00A47FE0 /* PNRadarChart.m */; };
		D220261A1C56263B00A47FE0 /* PNRadarChartDataItem.m in Sources */ = {isa = PBXBuildFile; fileRef = D22025E11C56263B00A47FE0 /* PNRadarChartDataItem.m */; };
		D220261B1C56263B00A47FE0 /* PNScatterChart.m in Sources */ = {isa = PBXBuildFile; fileRef = D22025E31C56263B00A47FE0 /* PNScatterChart.m */; };
		D220261C1C56263B00A47FE0 /* PNScatterChartData.m in Sources */ = {isa = PBXBuildFile; fileRef = D22025E51C56263B00A47FE0 /* PNScatterChartData.m */; };
		D220261D1C56263B00A47FE0 /* PNScatterChartDataItem.m in Sources */ = {isa = PBXBuildFile; fileRef = D22025E71C56263B00A47FE0 /* PNScatterChartDataItem.m */; };
		D220261E1C56263B00A47FE0 /* README.md in Sources */ = {isa = PBXBuildFile; fileRef = D22025E81C56263B00A47FE0 /* README.md */; };
		D220261F1C56263B00A47FE0 /* LICENSE in Resources */ = {isa = PBXBuildFile; fileRef = D22025EA1C56263B00A47FE0 /* LICENSE */; };
		D22026201C56263B00A47FE0 /* README.md in Sources */ = {isa = PBXBuildFile; fileRef = D22025EB1C56263B00A47FE0 /* README.md */; };
		D22026211C56263B00A47FE0 /* UICountingLabel.m in Sources */ = {isa = PBXBuildFile; fileRef = D22025ED1C56263B00A47FE0 /* UICountingLabel.m */; };
		D22026221C56263B00A47FE0 /* NSData+SDDataCache.m in Sources */ = {isa = PBXBuildFile; fileRef = D22025F01C56263B00A47FE0 /* NSData+SDDataCache.m */; };
		D22026231C56263B00A47FE0 /* TAAbstractDotView.m in Sources */ = {isa = PBXBuildFile; fileRef = D22025F31C56263B00A47FE0 /* TAAbstractDotView.m */; };
		D22026241C56263B00A47FE0 /* TAAnimatedDotView.m in Sources */ = {isa = PBXBuildFile; fileRef = D22025F51C56263B00A47FE0 /* TAAnimatedDotView.m */; };
		D22026251C56263B00A47FE0 /* TADotView.m in Sources */ = {isa = PBXBuildFile; fileRef = D22025F71C56263B00A47FE0 /* TADotView.m */; };
		D22026261C56263B00A47FE0 /* TAPageControl.m in Sources */ = {isa = PBXBuildFile; fileRef = D22025F91C56263B00A47FE0 /* TAPageControl.m */; };
		D22026271C56263B00A47FE0 /* SDCollectionViewCell.m in Sources */ = {isa = PBXBuildFile; fileRef = D22025FB1C56263B00A47FE0 /* SDCollectionViewCell.m */; };
		D22026281C56263B00A47FE0 /* SDCycleScrollView.m in Sources */ = {isa = PBXBuildFile; fileRef = D22025FD1C56263B00A47FE0 /* SDCycleScrollView.m */; };
		D22026291C56263B00A47FE0 /* UIView+SDExtension.m in Sources */ = {isa = PBXBuildFile; fileRef = D22025FF1C56263B00A47FE0 /* UIView+SDExtension.m */; };
		D220262A1C56263B00A47FE0 /* SWRevealViewController.m in Sources */ = {isa = PBXBuildFile; fileRef = D22026021C56263B00A47FE0 /* SWRevealViewController.m */; };
		D220262B1C56263B00A47FE0 /* ZFModalTransitionAnimator.m in Sources */ = {isa = PBXBuildFile; fileRef = D22026051C56263B00A47FE0 /* ZFModalTransitionAnimator.m */; };
		D2E92E591C55B7EA0073275C /* AppDelegate.swift in Sources */ = {isa = PBXBuildFile; fileRef = D2E92E581C55B7EA0073275C /* AppDelegate.swift */; };
		D2E92E5E1C55B7EA0073275C /* Main.storyboard in Resources */ = {isa = PBXBuildFile; fileRef = D2E92E5C1C55B7EA0073275C /* Main.storyboard */; };
		D2E92E601C55B7EA0073275C /* Assets.xcassets in Resources */ = {isa = PBXBuildFile; fileRef = D2E92E5F1C55B7EA0073275C /* Assets.xcassets */; };
		D2E92E631C55B7EA0073275C /* LaunchScreen.storyboard in Resources */ = {isa = PBXBuildFile; fileRef = D2E92E611C55B7EA0073275C /* LaunchScreen.storyboard */; };
		D2E92EF01C55C0DB0073275C /* WLMainTableViewController.swift in Sources */ = {isa = PBXBuildFile; fileRef = D2E92EEF1C55C0DB0073275C /* WLMainTableViewController.swift */; };
		D2E92EF31C55C46B0073275C /* WLDataManager.swift in Sources */ = {isa = PBXBuildFile; fileRef = D2E92EF21C55C46B0073275C /* WLDataManager.swift */; };
		D2E92EF51C55CAB80073275C /* StoryModel.swift in Sources */ = {isa = PBXBuildFile; fileRef = D2E92EF41C55CAB80073275C /* StoryModel.swift */; };
		D2E92EF81C55D2CB0073275C /* define.swift in Sources */ = {isa = PBXBuildFile; fileRef = D2E92EF71C55D2CB0073275C /* define.swift */; };
		D2E92F1C1C5611E20073275C /* MyView.swift in Sources */ = {isa = PBXBuildFile; fileRef = D2E92F1B1C5611E20073275C /* MyView.swift */; };
/* End PBXBuildFile section */

/* Begin PBXFileReference section */
		7EA67F29D75FA6D85A7BA074 /* Pods.debug.xcconfig */ = {isa = PBXFileReference; includeInIndex = 1; lastKnownFileType = text.xcconfig; name = Pods.debug.xcconfig; path = "Pods/Target Support Files/Pods/Pods.debug.xcconfig"; sourceTree = "<group>"; };
		AC3F66249CA70555EBDDB972 /* Pods.release.xcconfig */ = {isa = PBXFileReference; includeInIndex = 1; lastKnownFileType = text.xcconfig; name = Pods.release.xcconfig; path = "Pods/Target Support Files/Pods/Pods.release.xcconfig"; sourceTree = "<group>"; };
		D14C1141B13E3CE8B2CA430E /* Pods.framework */ = {isa = PBXFileReference; explicitFileType = wrapper.framework; includeInIndex = 0; path = Pods.framework; sourceTree = BUILT_PRODUCTS_DIR; };
		D22025AF1C56263B00A47FE0 /* UINavigationBar+Awesome.h */ = {isa = PBXFileReference; fileEncoding = 4; lastKnownFileType = sourcecode.c.h; path = "UINavigationBar+Awesome.h"; sourceTree = "<group>"; };
		D22025B01C56263B00A47FE0 /* UINavigationBar+Awesome.m */ = {isa = PBXFileReference; fileEncoding = 4; lastKnownFileType = sourcecode.c.objc; path = "UINavigationBar+Awesome.m"; sourceTree = "<group>"; };
		D22025B21C56263B00A47FE0 /* GradientView.h */ = {isa = PBXFileReference; fileEncoding = 4; lastKnownFileType = sourcecode.c.h; path = GradientView.h; sourceTree = "<group>"; };
		D22025B31C56263B00A47FE0 /* GradientView.m */ = {isa = PBXFileReference; fileEncoding = 4; lastKnownFileType = sourcecode.c.objc; path = GradientView.m; sourceTree = "<group>"; };
		D22025B61C56263B00A47FE0 /* JSAnimatedImagesView.h */ = {isa = PBXFileReference; fileEncoding = 4; lastKnownFileType = sourcecode.c.h; path = JSAnimatedImagesView.h; sourceTree = "<group>"; };
		D22025B71C56263B00A47FE0 /* JSAnimatedImagesView.m */ = {isa = PBXFileReference; fileEncoding = 4; lastKnownFileType = sourcecode.c.objc; path = JSAnimatedImagesView.m; sourceTree = "<group>"; };
		D22025B91C56263B00A47FE0 /* MSWeakTimer.h */ = {isa = PBXFileReference; fileEncoding = 4; lastKnownFileType = sourcecode.c.h; path = MSWeakTimer.h; sourceTree = "<group>"; };
		D22025BA1C56263B00A47FE0 /* MSWeakTimer.m */ = {isa = PBXFileReference; fileEncoding = 4; lastKnownFileType = sourcecode.c.objc; path = MSWeakTimer.m; sourceTree = "<group>"; };
		D22025BC1C56263B00A47FE0 /* myUILabel.h */ = {isa = PBXFileReference; fileEncoding = 4; lastKnownFileType = sourcecode.c.h; path = myUILabel.h; sourceTree = "<group>"; };
		D22025BD1C56263B00A47FE0 /* myUILabel.m */ = {isa = PBXFileReference; fileEncoding = 4; lastKnownFileType = sourcecode.c.objc; path = myUILabel.m; sourceTree = "<group>"; };
		D22025BE1C56263B00A47FE0 /* ParallaxHeaderView.h */ = {isa = PBXFileReference; fileEncoding = 4; lastKnownFileType = sourcecode.c.h; path = ParallaxHeaderView.h; sourceTree = "<group>"; };
		D22025BF1C56263B00A47FE0 /* ParallaxHeaderView.m */ = {isa = PBXFileReference; fileEncoding = 4; lastKnownFileType = sourcecode.c.objc; path = ParallaxHeaderView.m; sourceTree = "<group>"; };
		D22025C01C56263B00A47FE0 /* UIImage+ImageEffects.h */ = {isa = PBXFileReference; fileEncoding = 4; lastKnownFileType = sourcecode.c.h; path = "UIImage+ImageEffects.h"; sourceTree = "<group>"; };
		D22025C11C56263B00A47FE0 /* UIImage+ImageEffects.m */ = {isa = PBXFileReference; fileEncoding = 4; lastKnownFileType = sourcecode.c.objc; path = "UIImage+ImageEffects.m"; sourceTree = "<group>"; };
		D22025C41C56263B00A47FE0 /* LICENSE */ = {isa = PBXFileReference; fileEncoding = 4; lastKnownFileType = text; path = LICENSE; sourceTree = "<group>"; };
		D22025C61C56263B00A47FE0 /* PNBar.h */ = {isa = PBXFileReference; fileEncoding = 4; lastKnownFileType = sourcecode.c.h; path = PNBar.h; sourceTree = "<group>"; };
		D22025C71C56263B00A47FE0 /* PNBar.m */ = {isa = PBXFileReference; fileEncoding = 4; lastKnownFileType = sourcecode.c.objc; path = PNBar.m; sourceTree = "<group>"; };
		D22025C81C56263B00A47FE0 /* PNBarChart.h */ = {isa = PBXFileReference; fileEncoding = 4; lastKnownFileType = sourcecode.c.h; path = PNBarChart.h; sourceTree = "<group>"; };
		D22025C91C56263B00A47FE0 /* PNBarChart.m */ = {isa = PBXFileReference; fileEncoding = 4; lastKnownFileType = sourcecode.c.objc; path = PNBarChart.m; sourceTree = "<group>"; };
		D22025CA1C56263B00A47FE0 /* PNChart.h */ = {isa = PBXFileReference; fileEncoding = 4; lastKnownFileType = sourcecode.c.h; path = PNChart.h; sourceTree = "<group>"; };
		D22025CB1C56263B00A47FE0 /* PNChartDelegate.h */ = {isa = PBXFileReference; fileEncoding = 4; lastKnownFileType = sourcecode.c.h; path = PNChartDelegate.h; sourceTree = "<group>"; };
		D22025CC1C56263B00A47FE0 /* PNChartLabel.h */ = {isa = PBXFileReference; fileEncoding = 4; lastKnownFileType = sourcecode.c.h; path = PNChartLabel.h; sourceTree = "<group>"; };
		D22025CD1C56263B00A47FE0 /* PNChartLabel.m */ = {isa = PBXFileReference; fileEncoding = 4; lastKnownFileType = sourcecode.c.objc; path = PNChartLabel.m; sourceTree = "<group>"; };
		D22025CE1C56263B00A47FE0 /* PNCircleChart.h */ = {isa = PBXFileReference; fileEncoding = 4; lastKnownFileType = sourcecode.c.h; path = PNCircleChart.h; sourceTree = "<group>"; };
		D22025CF1C56263B00A47FE0 /* PNCircleChart.m */ = {isa = PBXFileReference; fileEncoding = 4; lastKnownFileType = sourcecode.c.objc; path = PNCircleChart.m; sourceTree = "<group>"; };
		D22025D01C56263B00A47FE0 /* PNColor.h */ = {isa = PBXFileReference; fileEncoding = 4; lastKnownFileType = sourcecode.c.h; path = PNColor.h; sourceTree = "<group>"; };
		D22025D11C56263B00A47FE0 /* PNColor.m */ = {isa = PBXFileReference; fileEncoding = 4; lastKnownFileType = sourcecode.c.objc; path = PNColor.m; sourceTree = "<group>"; };
		D22025D21C56263B00A47FE0 /* PNGenericChart.h */ = {isa = PBXFileReference; fileEncoding = 4; lastKnownFileType = sourcecode.c.h; path = PNGenericChart.h; sourceTree = "<group>"; };
		D22025D31C56263B00A47FE0 /* PNGenericChart.m */ = {isa = PBXFileReference; fileEncoding = 4; lastKnownFileType = sourcecode.c.objc; path = PNGenericChart.m; sourceTree = "<group>"; };
		D22025D41C56263B00A47FE0 /* PNLineChart.h */ = {isa = PBXFileReference; fileEncoding = 4; lastKnownFileType = sourcecode.c.h; path = PNLineChart.h; sourceTree = "<group>"; };
		D22025D51C56263B00A47FE0 /* PNLineChart.m */ = {isa = PBXFileReference; fileEncoding = 4; lastKnownFileType = sourcecode.c.objc; path = PNLineChart.m; sourceTree = "<group>"; };
		D22025D61C56263B00A47FE0 /* PNLineChartData.h */ = {isa = PBXFileReference; fileEncoding = 4; lastKnownFileType = sourcecode.c.h; path = PNLineChartData.h; sourceTree = "<group>"; };
		D22025D71C56263B00A47FE0 /* PNLineChartData.m */ = {isa = PBXFileReference; fileEncoding = 4; lastKnownFileType = sourcecode.c.objc; path = PNLineChartData.m; sourceTree = "<group>"; };
		D22025D81C56263B00A47FE0 /* PNLineChartDataItem.h */ = {isa = PBXFileReference; fileEncoding = 4; lastKnownFileType = sourcecode.c.h; path = PNLineChartDataItem.h; sourceTree = "<group>"; };
		D22025D91C56263B00A47FE0 /* PNLineChartDataItem.m */ = {isa = PBXFileReference; fileEncoding = 4; lastKnownFileType = sourcecode.c.objc; path = PNLineChartDataItem.m; sourceTree = "<group>"; };
		D22025DA1C56263B00A47FE0 /* PNPieChart.h */ = {isa = PBXFileReference; fileEncoding = 4; lastKnownFileType = sourcecode.c.h; path = PNPieChart.h; sourceTree = "<group>"; };
		D22025DB1C56263B00A47FE0 /* PNPieChart.m */ = {isa = PBXFileReference; fileEncoding = 4; lastKnownFileType = sourcecode.c.objc; path = PNPieChart.m; sourceTree = "<group>"; };
		D22025DC1C56263B00A47FE0 /* PNPieChartDataItem.h */ = {isa = PBXFileReference; fileEncoding = 4; lastKnownFileType = sourcecode.c.h; path = PNPieChartDataItem.h; sourceTree = "<group>"; };
		D22025DD1C56263B00A47FE0 /* PNPieChartDataItem.m */ = {isa = PBXFileReference; fileEncoding = 4; lastKnownFileType = sourcecode.c.objc; path = PNPieChartDataItem.m; sourceTree = "<group>"; };
		D22025DE1C56263B00A47FE0 /* PNRadarChart.h */ = {isa = PBXFileReference; fileEncoding = 4; lastKnownFileType = sourcecode.c.h; path = PNRadarChart.h; sourceTree = "<group>"; };
		D22025DF1C56263B00A47FE0 /* PNRadarChart.m */ = {isa = PBXFileReference; fileEncoding = 4; lastKnownFileType = sourcecode.c.objc; path = PNRadarChart.m; sourceTree = "<group>"; };
		D22025E01C56263B00A47FE0 /* PNRadarChartDataItem.h */ = {isa = PBXFileReference; fileEncoding = 4; lastKnownFileType = sourcecode.c.h; path = PNRadarChartDataItem.h; sourceTree = "<group>"; };
		D22025E11C56263B00A47FE0 /* PNRadarChartDataItem.m */ = {isa = PBXFileReference; fileEncoding = 4; lastKnownFileType = sourcecode.c.objc; path = PNRadarChartDataItem.m; sourceTree = "<group>"; };
		D22025E21C56263B00A47FE0 /* PNScatterChart.h */ = {isa = PBXFileReference; fileEncoding = 4; lastKnownFileType = sourcecode.c.h; path = PNScatterChart.h; sourceTree = "<group>"; };
		D22025E31C56263B00A47FE0 /* PNScatterChart.m */ = {isa = PBXFileReference; fileEncoding = 4; lastKnownFileType = sourcecode.c.objc; path = PNScatterChart.m; sourceTree = "<group>"; };
		D22025E41C56263B00A47FE0 /* PNScatterChartData.h */ = {isa = PBXFileReference; fileEncoding = 4; lastKnownFileType = sourcecode.c.h; path = PNScatterChartData.h; sourceTree = "<group>"; };
		D22025E51C56263B00A47FE0 /* PNScatterChartData.m */ = {isa = PBXFileReference; fileEncoding = 4; lastKnownFileType = sourcecode.c.objc; path = PNScatterChartData.m; sourceTree = "<group>"; };
		D22025E61C56263B00A47FE0 /* PNScatterChartDataItem.h */ = {isa = PBXFileReference; fileEncoding = 4; lastKnownFileType = sourcecode.c.h; path = PNScatterChartDataItem.h; sourceTree = "<group>"; };
		D22025E71C56263B00A47FE0 /* PNScatterChartDataItem.m */ = {isa = PBXFileReference; fileEncoding = 4; lastKnownFileType = sourcecode.c.objc; path = PNScatterChartDataItem.m; sourceTree = "<group>"; };
		D22025E81C56263B00A47FE0 /* README.md */ = {isa = PBXFileReference; fileEncoding = 4; lastKnownFileType = net.daringfireball.markdown; path = README.md; sourceTree = "<group>"; };
		D22025EA1C56263B00A47FE0 /* LICENSE */ = {isa = PBXFileReference; fileEncoding = 4; lastKnownFileType = text; path = LICENSE; sourceTree = "<group>"; };
		D22025EB1C56263B00A47FE0 /* README.md */ = {isa = PBXFileReference; fileEncoding = 4; lastKnownFileType = net.daringfireball.markdown; path = README.md; sourceTree = "<group>"; };
		D22025EC1C56263B00A47FE0 /* UICountingLabel.h */ = {isa = PBXFileReference; fileEncoding = 4; lastKnownFileType = sourcecode.c.h; path = UICountingLabel.h; sourceTree = "<group>"; };
		D22025ED1C56263B00A47FE0 /* UICountingLabel.m */ = {isa = PBXFileReference; fileEncoding = 4; lastKnownFileType = sourcecode.c.objc; path = UICountingLabel.m; sourceTree = "<group>"; };
		D22025EF1C56263B00A47FE0 /* NSData+SDDataCache.h */ = {isa = PBXFileReference; fileEncoding = 4; lastKnownFileType = sourcecode.c.h; path = "NSData+SDDataCache.h"; sourceTree = "<group>"; };
		D22025F01C56263B00A47FE0 /* NSData+SDDataCache.m */ = {isa = PBXFileReference; fileEncoding = 4; lastKnownFileType = sourcecode.c.objc; path = "NSData+SDDataCache.m"; sourceTree = "<group>"; };
		D22025F21C56263B00A47FE0 /* TAAbstractDotView.h */ = {isa = PBXFileReference; fileEncoding = 4; lastKnownFileType = sourcecode.c.h; path = TAAbstractDotView.h; sourceTree = "<group>"; };
		D22025F31C56263B00A47FE0 /* TAAbstractDotView.m */ = {isa = PBXFileReference; fileEncoding = 4; lastKnownFileType = sourcecode.c.objc; path = TAAbstractDotView.m; sourceTree = "<group>"; };
		D22025F41C56263B00A47FE0 /* TAAnimatedDotView.h */ = {isa = PBXFileReference; fileEncoding = 4; lastKnownFileType = sourcecode.c.h; path = TAAnimatedDotView.h; sourceTree = "<group>"; };
		D22025F51C56263B00A47FE0 /* TAAnimatedDotView.m */ = {isa = PBXFileReference; fileEncoding = 4; lastKnownFileType = sourcecode.c.objc; path = TAAnimatedDotView.m; sourceTree = "<group>"; };
		D22025F61C56263B00A47FE0 /* TADotView.h */ = {isa = PBXFileReference; fileEncoding = 4; lastKnownFileType = sourcecode.c.h; path = TADotView.h; sourceTree = "<group>"; };
		D22025F71C56263B00A47FE0 /* TADotView.m */ = {isa = PBXFileReference; fileEncoding = 4; lastKnownFileType = sourcecode.c.objc; path = TADotView.m; sourceTree = "<group>"; };
		D22025F81C56263B00A47FE0 /* TAPageControl.h */ = {isa = PBXFileReference; fileEncoding = 4; lastKnownFileType = sourcecode.c.h; path = TAPageControl.h; sourceTree = "<group>"; };
		D22025F91C56263B00A47FE0 /* TAPageControl.m */ = {isa = PBXFileReference; fileEncoding = 4; lastKnownFileType = sourcecode.c.objc; path = TAPageControl.m; sourceTree = "<group>"; };
		D22025FA1C56263B00A47FE0 /* SDCollectionViewCell.h */ = {isa = PBXFileReference; fileEncoding = 4; lastKnownFileType = sourcecode.c.h; path = SDCollectionViewCell.h; sourceTree = "<group>"; };
		D22025FB1C56263B00A47FE0 /* SDCollectionViewCell.m */ = {isa = PBXFileReference; fileEncoding = 4; lastKnownFileType = sourcecode.c.objc; path = SDCollectionViewCell.m; sourceTree = "<group>"; };
		D22025FC1C56263B00A47FE0 /* SDCycleScrollView.h */ = {isa = PBXFileReference; fileEncoding = 4; lastKnownFileType = sourcecode.c.h; path = SDCycleScrollView.h; sourceTree = "<group>"; };
		D22025FD1C56263B00A47FE0 /* SDCycleScrollView.m */ = {isa = PBXFileReference; fileEncoding = 4; lastKnownFileType = sourcecode.c.objc; path = SDCycleScrollView.m; sourceTree = "<group>"; };
		D22025FE1C56263B00A47FE0 /* UIView+SDExtension.h */ = {isa = PBXFileReference; fileEncoding = 4; lastKnownFileType = sourcecode.c.h; path = "UIView+SDExtension.h"; sourceTree = "<group>"; };
		D22025FF1C56263B00A47FE0 /* UIView+SDExtension.m */ = {isa = PBXFileReference; fileEncoding = 4; lastKnownFileType = sourcecode.c.objc; path = "UIView+SDExtension.m"; sourceTree = "<group>"; };
		D22026011C56263B00A47FE0 /* SWRevealViewController.h */ = {isa = PBXFileReference; fileEncoding = 4; lastKnownFileType = sourcecode.c.h; path = SWRevealViewController.h; sourceTree = "<group>"; };
		D22026021C56263B00A47FE0 /* SWRevealViewController.m */ = {isa = PBXFileReference; fileEncoding = 4; lastKnownFileType = sourcecode.c.objc; path = SWRevealViewController.m; sourceTree = "<group>"; };
		D22026041C56263B00A47FE0 /* ZFModalTransitionAnimator.h */ = {isa = PBXFileReference; fileEncoding = 4; lastKnownFileType = sourcecode.c.h; path = ZFModalTransitionAnimator.h; sourceTree = "<group>"; };
		D22026051C56263B00A47FE0 /* ZFModalTransitionAnimator.m */ = {isa = PBXFileReference; fileEncoding = 4; lastKnownFileType = sourcecode.c.objc; path = ZFModalTransitionAnimator.m; sourceTree = "<group>"; };
		D2E92E551C55B7EA0073275C /* zhihu_swift.app */ = {isa = PBXFileReference; explicitFileType = wrapper.application; includeInIndex = 0; path = zhihu_swift.app; sourceTree = BUILT_PRODUCTS_DIR; };
		D2E92E581C55B7EA0073275C /* AppDelegate.swift */ = {isa = PBXFileReference; lastKnownFileType = sourcecode.swift; name = AppDelegate.swift; path = zhihu_swift/AppDelegate.swift; sourceTree = "<group>"; };
		D2E92E5D1C55B7EA0073275C /* Base */ = {isa = PBXFileReference; lastKnownFileType = file.storyboard; name = Base; path = Base.lproj/Main.storyboard; sourceTree = "<group>"; };
		D2E92E5F1C55B7EA0073275C /* Assets.xcassets */ = {isa = PBXFileReference; lastKnownFileType = folder.assetcatalog; path = Assets.xcassets; sourceTree = "<group>"; };
		D2E92E621C55B7EA0073275C /* Base */ = {isa = PBXFileReference; lastKnownFileType = file.storyboard; name = Base; path = Base.lproj/LaunchScreen.storyboard; sourceTree = "<group>"; };
		D2E92E641C55B7EA0073275C /* Info.plist */ = {isa = PBXFileReference; lastKnownFileType = text.plist.xml; path = Info.plist; sourceTree = "<group>"; };
		D2E92EED1C55C06E0073275C /* zhihuHeader.h */ = {isa = PBXFileReference; lastKnownFileType = sourcecode.c.h; path = zhihuHeader.h; sourceTree = "<group>"; };
		D2E92EEF1C55C0DB0073275C /* WLMainTableViewController.swift */ = {isa = PBXFileReference; fileEncoding = 4; lastKnownFileType = sourcecode.swift; path = WLMainTableViewController.swift; sourceTree = "<group>"; };
		D2E92EF21C55C46B0073275C /* WLDataManager.swift */ = {isa = PBXFileReference; fileEncoding = 4; lastKnownFileType = sourcecode.swift; path = WLDataManager.swift; sourceTree = "<group>"; };
		D2E92EF41C55CAB80073275C /* StoryModel.swift */ = {isa = PBXFileReference; fileEncoding = 4; lastKnownFileType = sourcecode.swift; path = StoryModel.swift; sourceTree = "<group>"; };
		D2E92EF71C55D2CB0073275C /* define.swift */ = {isa = PBXFileReference; fileEncoding = 4; lastKnownFileType = sourcecode.swift; path = define.swift; sourceTree = "<group>"; };
		D2E92F1B1C5611E20073275C /* MyView.swift */ = {isa = PBXFileReference; fileEncoding = 4; lastKnownFileType = sourcecode.swift; path = MyView.swift; sourceTree = "<group>"; };
/* End PBXFileReference section */

/* Begin PBXFrameworksBuildPhase section */
		D2E92E521C55B7EA0073275C /* Frameworks */ = {
			isa = PBXFrameworksBuildPhase;
			buildActionMask = 2147483647;
			files = (
				BB9FA834F555F483B4DD3CFC /* Pods.framework in Frameworks */,
			);
			runOnlyForDeploymentPostprocessing = 0;
		};
/* End PBXFrameworksBuildPhase section */

/* Begin PBXGroup section */
		3641A1F2C270FC14606FA692 /* Frameworks */ = {
			isa = PBXGroup;
			children = (
				D14C1141B13E3CE8B2CA430E /* Pods.framework */,
			);
			name = Frameworks;
			sourceTree = "<group>";
		};
		B61388BA5534E9A38C0B3B30 /* Pods */ = {
			isa = PBXGroup;
			children = (
				7EA67F29D75FA6D85A7BA074 /* Pods.debug.xcconfig */,
				AC3F66249CA70555EBDDB972 /* Pods.release.xcconfig */,
			);
			name = Pods;
			sourceTree = "<group>";
		};
		D22025AD1C56263B00A47FE0 /* 3rd */ = {
			isa = PBXGroup;
			children = (
				D22025AE1C56263B00A47FE0 /* AwsomeNavigationBar */,
				D22025B11C56263B00A47FE0 /* GradientView */,
				D22025B41C56263B00A47FE0 /* JSAnimated */,
				D22025BB1C56263B00A47FE0 /* ParallaxHeaderView */,
				D22025C21C56263B00A47FE0 /* PNChartView */,
				D22025EE1C56263B00A47FE0 /* SDCycleScrollView */,
				D22026001C56263B00A47FE0 /* SWRevealViewController */,
				D22026031C56263B00A47FE0 /* ZFModalTransitionAnimator */,
			);
			path = 3rd;
			sourceTree = "<group>";
		};
		D22025AE1C56263B00A47FE0 /* AwsomeNavigationBar */ = {
			isa = PBXGroup;
			children = (
				D22025AF1C56263B00A47FE0 /* UINavigationBar+Awesome.h */,
				D22025B01C56263B00A47FE0 /* UINavigationBar+Awesome.m */,
			);
			path = AwsomeNavigationBar;
			sourceTree = "<group>";
		};
		D22025B11C56263B00A47FE0 /* GradientView */ = {
			isa = PBXGroup;
			children = (
				D22025B21C56263B00A47FE0 /* GradientView.h */,
				D22025B31C56263B00A47FE0 /* GradientView.m */,
			);
			path = GradientView;
			sourceTree = "<group>";
		};
		D22025B41C56263B00A47FE0 /* JSAnimated */ = {
			isa = PBXGroup;
			children = (
				D22025B51C56263B00A47FE0 /* JSAnimatedImagesView */,
				D22025B81C56263B00A47FE0 /* MSWeakTimer */,
			);
			path = JSAnimated;
			sourceTree = "<group>";
		};
		D22025B51C56263B00A47FE0 /* JSAnimatedImagesView */ = {
			isa = PBXGroup;
			children = (
				D22025B61C56263B00A47FE0 /* JSAnimatedImagesView.h */,
				D22025B71C56263B00A47FE0 /* JSAnimatedImagesView.m */,
			);
			path = JSAnimatedImagesView;
			sourceTree = "<group>";
		};
		D22025B81C56263B00A47FE0 /* MSWeakTimer */ = {
			isa = PBXGroup;
			children = (
				D22025B91C56263B00A47FE0 /* MSWeakTimer.h */,
				D22025BA1C56263B00A47FE0 /* MSWeakTimer.m */,
			);
			path = MSWeakTimer;
			sourceTree = "<group>";
		};
		D22025BB1C56263B00A47FE0 /* ParallaxHeaderView */ = {
			isa = PBXGroup;
			children = (
				D22025BC1C56263B00A47FE0 /* myUILabel.h */,
				D22025BD1C56263B00A47FE0 /* myUILabel.m */,
				D22025BE1C56263B00A47FE0 /* ParallaxHeaderView.h */,
				D22025BF1C56263B00A47FE0 /* ParallaxHeaderView.m */,
				D22025C01C56263B00A47FE0 /* UIImage+ImageEffects.h */,
				D22025C11C56263B00A47FE0 /* UIImage+ImageEffects.m */,
			);
			path = ParallaxHeaderView;
			sourceTree = "<group>";
		};
		D22025C21C56263B00A47FE0 /* PNChartView */ = {
			isa = PBXGroup;
			children = (
				D22025C31C56263B00A47FE0 /* PNChart */,
				D22025E91C56263B00A47FE0 /* UICountingLabel */,
			);
			path = PNChartView;
			sourceTree = "<group>";
		};
		D22025C31C56263B00A47FE0 /* PNChart */ = {
			isa = PBXGroup;
			children = (
				D22025C41C56263B00A47FE0 /* LICENSE */,
				D22025C51C56263B00A47FE0 /* PNChart */,
				D22025E81C56263B00A47FE0 /* README.md */,
			);
			path = PNChart;
			sourceTree = "<group>";
		};
		D22025C51C56263B00A47FE0 /* PNChart */ = {
			isa = PBXGroup;
			children = (
				D22025C61C56263B00A47FE0 /* PNBar.h */,
				D22025C71C56263B00A47FE0 /* PNBar.m */,
				D22025C81C56263B00A47FE0 /* PNBarChart.h */,
				D22025C91C56263B00A47FE0 /* PNBarChart.m */,
				D22025CA1C56263B00A47FE0 /* PNChart.h */,
				D22025CB1C56263B00A47FE0 /* PNChartDelegate.h */,
				D22025CC1C56263B00A47FE0 /* PNChartLabel.h */,
				D22025CD1C56263B00A47FE0 /* PNChartLabel.m */,
				D22025CE1C56263B00A47FE0 /* PNCircleChart.h */,
				D22025CF1C56263B00A47FE0 /* PNCircleChart.m */,
				D22025D01C56263B00A47FE0 /* PNColor.h */,
				D22025D11C56263B00A47FE0 /* PNColor.m */,
				D22025D21C56263B00A47FE0 /* PNGenericChart.h */,
				D22025D31C56263B00A47FE0 /* PNGenericChart.m */,
				D22025D41C56263B00A47FE0 /* PNLineChart.h */,
				D22025D51C56263B00A47FE0 /* PNLineChart.m */,
				D22025D61C56263B00A47FE0 /* PNLineChartData.h */,
				D22025D71C56263B00A47FE0 /* PNLineChartData.m */,
				D22025D81C56263B00A47FE0 /* PNLineChartDataItem.h */,
				D22025D91C56263B00A47FE0 /* PNLineChartDataItem.m */,
				D22025DA1C56263B00A47FE0 /* PNPieChart.h */,
				D22025DB1C56263B00A47FE0 /* PNPieChart.m */,
				D22025DC1C56263B00A47FE0 /* PNPieChartDataItem.h */,
				D22025DD1C56263B00A47FE0 /* PNPieChartDataItem.m */,
				D22025DE1C56263B00A47FE0 /* PNRadarChart.h */,
				D22025DF1C56263B00A47FE0 /* PNRadarChart.m */,
				D22025E01C56263B00A47FE0 /* PNRadarChartDataItem.h */,
				D22025E11C56263B00A47FE0 /* PNRadarChartDataItem.m */,
				D22025E21C56263B00A47FE0 /* PNScatterChart.h */,
				D22025E31C56263B00A47FE0 /* PNScatterChart.m */,
				D22025E41C56263B00A47FE0 /* PNScatterChartData.h */,
				D22025E51C56263B00A47FE0 /* PNScatterChartData.m */,
				D22025E61C56263B00A47FE0 /* PNScatterChartDataItem.h */,
				D22025E71C56263B00A47FE0 /* PNScatterChartDataItem.m */,
			);
			path = PNChart;
			sourceTree = "<group>";
		};
		D22025E91C56263B00A47FE0 /* UICountingLabel */ = {
			isa = PBXGroup;
			children = (
				D22025EA1C56263B00A47FE0 /* LICENSE */,
				D22025EB1C56263B00A47FE0 /* README.md */,
				D22025EC1C56263B00A47FE0 /* UICountingLabel.h */,
				D22025ED1C56263B00A47FE0 /* UICountingLabel.m */,
			);
			path = UICountingLabel;
			sourceTree = "<group>";
		};
		D22025EE1C56263B00A47FE0 /* SDCycleScrollView */ = {
			isa = PBXGroup;
			children = (
				D22025EF1C56263B00A47FE0 /* NSData+SDDataCache.h */,
				D22025F01C56263B00A47FE0 /* NSData+SDDataCache.m */,
				D22025F11C56263B00A47FE0 /* PageControl */,
				D22025FA1C56263B00A47FE0 /* SDCollectionViewCell.h */,
				D22025FB1C56263B00A47FE0 /* SDCollectionViewCell.m */,
				D22025FC1C56263B00A47FE0 /* SDCycleScrollView.h */,
				D22025FD1C56263B00A47FE0 /* SDCycleScrollView.m */,
				D22025FE1C56263B00A47FE0 /* UIView+SDExtension.h */,
				D22025FF1C56263B00A47FE0 /* UIView+SDExtension.m */,
			);
			path = SDCycleScrollView;
			sourceTree = "<group>";
		};
		D22025F11C56263B00A47FE0 /* PageControl */ = {
			isa = PBXGroup;
			children = (
				D22025F21C56263B00A47FE0 /* TAAbstractDotView.h */,
				D22025F31C56263B00A47FE0 /* TAAbstractDotView.m */,
				D22025F41C56263B00A47FE0 /* TAAnimatedDotView.h */,
				D22025F51C56263B00A47FE0 /* TAAnimatedDotView.m */,
				D22025F61C56263B00A47FE0 /* TADotView.h */,
				D22025F71C56263B00A47FE0 /* TADotView.m */,
				D22025F81C56263B00A47FE0 /* TAPageControl.h */,
				D22025F91C56263B00A47FE0 /* TAPageControl.m */,
			);
			path = PageControl;
			sourceTree = "<group>";
		};
		D22026001C56263B00A47FE0 /* SWRevealViewController */ = {
			isa = PBXGroup;
			children = (
				D22026011C56263B00A47FE0 /* SWRevealViewController.h */,
				D22026021C56263B00A47FE0 /* SWRevealViewController.m */,
			);
			path = SWRevealViewController;
			sourceTree = "<group>";
		};
		D22026031C56263B00A47FE0 /* ZFModalTransitionAnimator */ = {
			isa = PBXGroup;
			children = (
				D22026041C56263B00A47FE0 /* ZFModalTransitionAnimator.h */,
				D22026051C56263B00A47FE0 /* ZFModalTransitionAnimator.m */,
			);
			path = ZFModalTransitionAnimator;
			sourceTree = "<group>";
		};
		D2E92E4C1C55B7EA0073275C = {
			isa = PBXGroup;
			children = (
				D2E92EED1C55C06E0073275C /* zhihuHeader.h */,
				D2E92E581C55B7EA0073275C /* AppDelegate.swift */,
				D2E92F1B1C5611E20073275C /* MyView.swift */,
				D2E92EF61C55D2CB0073275C /* Define */,
				D2E92EF11C55C3A80073275C /* Models */,
				D2E92EEE1C55C0C10073275C /* mainViewController */,
				D2E92E5C1C55B7EA0073275C /* Main.storyboard */,
				D2E92E571C55B7EA0073275C /* zhihu_swift */,
				D2E92E561C55B7EA0073275C /* Products */,
				D22025AD1C56263B00A47FE0 /* 3rd */,
				B61388BA5534E9A38C0B3B30 /* Pods */,
				3641A1F2C270FC14606FA692 /* Frameworks */,
			);
			sourceTree = "<group>";
		};
		D2E92E561C55B7EA0073275C /* Products */ = {
			isa = PBXGroup;
			children = (
				D2E92E551C55B7EA0073275C /* zhihu_swift.app */,
			);
			name = Products;
			sourceTree = "<group>";
		};
		D2E92E571C55B7EA0073275C /* zhihu_swift */ = {
			isa = PBXGroup;
			children = (
				D2E92E5F1C55B7EA0073275C /* Assets.xcassets */,
				D2E92E611C55B7EA0073275C /* LaunchScreen.storyboard */,
				D2E92E641C55B7EA0073275C /* Info.plist */,
			);
			path = zhihu_swift;
			sourceTree = "<group>";
		};
		D2E92EEE1C55C0C10073275C /* mainViewController */ = {
			isa = PBXGroup;
			children = (
				D2E92EEF1C55C0DB0073275C /* WLMainTableViewController.swift */,
			);
			name = mainViewController;
			path = zhihu_swift/mainViewController;
			sourceTree = "<group>";
		};
		D2E92EF11C55C3A80073275C /* Models */ = {
			isa = PBXGroup;
			children = (
				D2E92EF21C55C46B0073275C /* WLDataManager.swift */,
				D2E92EF41C55CAB80073275C /* StoryModel.swift */,
			);
			name = Models;
			path = zhihu_swift/Models;
			sourceTree = "<group>";
		};
		D2E92EF61C55D2CB0073275C /* Define */ = {
			isa = PBXGroup;
			children = (
				D2E92EF71C55D2CB0073275C /* define.swift */,
			);
			path = Define;
			sourceTree = "<group>";
		};
/* End PBXGroup section */

/* Begin PBXNativeTarget section */
		D2E92E541C55B7EA0073275C /* zhihu_swift */ = {
			isa = PBXNativeTarget;
			buildConfigurationList = D2E92E671C55B7EA0073275C /* Build configuration list for PBXNativeTarget "zhihu_swift" */;
			buildPhases = (
				F72E3443824E5178C5DB6F6A /* Check Pods Manifest.lock */,
				D2E92E511C55B7EA0073275C /* Sources */,
				D2E92E521C55B7EA0073275C /* Frameworks */,
				D2E92E531C55B7EA0073275C /* Resources */,
				B72971A47AFA0BB87C9110E0 /* Embed Pods Frameworks */,
				A71EEEE5B6A2D72E79E5D57D /* Copy Pods Resources */,
			);
			buildRules = (
			);
			dependencies = (
			);
			name = zhihu_swift;
			productName = zhihu_swift;
			productReference = D2E92E551C55B7EA0073275C /* zhihu_swift.app */;
			productType = "com.apple.product-type.application";
		};
/* End PBXNativeTarget section */

/* Begin PBXProject section */
		D2E92E4D1C55B7EA0073275C /* Project object */ = {
			isa = PBXProject;
			attributes = {
				LastSwiftUpdateCheck = 0710;
				LastUpgradeCheck = 0710;
				ORGANIZATIONNAME = tarena;
				TargetAttributes = {
					D2E92E541C55B7EA0073275C = {
						CreatedOnToolsVersion = 7.1;
					};
				};
			};
			buildConfigurationList = D2E92E501C55B7EA0073275C /* Build configuration list for PBXProject "zhihu_swift" */;
			compatibilityVersion = "Xcode 3.2";
			developmentRegion = English;
			hasScannedForEncodings = 0;
			knownRegions = (
				en,
				Base,
			);
			mainGroup = D2E92E4C1C55B7EA0073275C;
			productRefGroup = D2E92E561C55B7EA0073275C /* Products */;
			projectDirPath = "";
			projectRoot = "";
			targets = (
				D2E92E541C55B7EA0073275C /* zhihu_swift */,
			);
		};
/* End PBXProject section */

/* Begin PBXResourcesBuildPhase section */
		D2E92E531C55B7EA0073275C /* Resources */ = {
			isa = PBXResourcesBuildPhase;
			buildActionMask = 2147483647;
			files = (
				D2E92E631C55B7EA0073275C /* LaunchScreen.storyboard in Resources */,
				D2E92E601C55B7EA0073275C /* Assets.xcassets in Resources */,
				D220260D1C56263B00A47FE0 /* LICENSE in Resources */,
				D2E92E5E1C55B7EA0073275C /* Main.storyboard in Resources */,
				D220261F1C56263B00A47FE0 /* LICENSE in Resources */,
			);
			runOnlyForDeploymentPostprocessing = 0;
		};
/* End PBXResourcesBuildPhase section */

/* Begin PBXShellScriptBuildPhase section */
		A71EEEE5B6A2D72E79E5D57D /* Copy Pods Resources */ = {
			isa = PBXShellScriptBuildPhase;
			buildActionMask = 2147483647;
			files = (
			);
			inputPaths = (
			);
			name = "Copy Pods Resources";
			outputPaths = (
			);
			runOnlyForDeploymentPostprocessing = 0;
			shellPath = /bin/sh;
			shellScript = "\"${SRCROOT}/Pods/Target Support Files/Pods/Pods-resources.sh\"\n";
			showEnvVarsInLog = 0;
		};
		B72971A47AFA0BB87C9110E0 /* Embed Pods Frameworks */ = {
			isa = PBXShellScriptBuildPhase;
			buildActionMask = 2147483647;
			files = (
			);
			inputPaths = (
			);
			name = "Embed Pods Frameworks";
			outputPaths = (
			);
			runOnlyForDeploymentPostprocessing = 0;
			shellPath = /bin/sh;
			shellScript = "\"${SRCROOT}/Pods/Target Support Files/Pods/Pods-frameworks.sh\"\n";
			showEnvVarsInLog = 0;
		};
		F72E3443824E5178C5DB6F6A /* Check Pods Manifest.lock */ = {
			isa = PBXShellScriptBuildPhase;
			buildActionMask = 2147483647;
			files = (
			);
			inputPaths = (
			);
			name = "Check Pods Manifest.lock";
			outputPaths = (
			);
			runOnlyForDeploymentPostprocessing = 0;
			shellPath = /bin/sh;
			shellScript = "diff \"${PODS_ROOT}/../Podfile.lock\" \"${PODS_ROOT}/Manifest.lock\" > /dev/null\nif [[ $? != 0 ]] ; then\n    cat << EOM\nerror: The sandbox is not in sync with the Podfile.lock. Run 'pod install' or update your CocoaPods installation.\nEOM\n    exit 1\nfi\n";
			showEnvVarsInLog = 0;
		};
/* End PBXShellScriptBuildPhase section */

/* Begin PBXSourcesBuildPhase section */
		D2E92E511C55B7EA0073275C /* Sources */ = {
			isa = PBXSourcesBuildPhase;
			buildActionMask = 2147483647;
			files = (
				D220261A1C56263B00A47FE0 /* PNRadarChartDataItem.m in Sources */,
				D22026251C56263B00A47FE0 /* TADotView.m in Sources */,
				D220262A1C56263B00A47FE0 /* SWRevealViewController.m in Sources */,
				D220261D1C56263B00A47FE0 /* PNScatterChartDataItem.m in Sources */,
				D22026141C56263B00A47FE0 /* PNLineChart.m in Sources */,
				D22026281C56263B00A47FE0 /* SDCycleScrollView.m in Sources */,
				D220260B1C56263B00A47FE0 /* ParallaxHeaderView.m in Sources */,
				D22026201C56263B00A47FE0 /* README.md in Sources */,
				D22026121C56263B00A47FE0 /* PNColor.m in Sources */,
				D220260C1C56263B00A47FE0 /* UIImage+ImageEffects.m in Sources */,
				D22026111C56263B00A47FE0 /* PNCircleChart.m in Sources */,
				D22026271C56263B00A47FE0 /* SDCollectionViewCell.m in Sources */,
				D22026241C56263B00A47FE0 /* TAAnimatedDotView.m in Sources */,
				D2E92F1C1C5611E20073275C /* MyView.swift in Sources */,
				D22026261C56263B00A47FE0 /* TAPageControl.m in Sources */,
				D22026181C56263B00A47FE0 /* PNPieChartDataItem.m in Sources */,
				D2E92EF01C55C0DB0073275C /* WLMainTableViewController.swift in Sources */,
				D22026191C56263B00A47FE0 /* PNRadarChart.m in Sources */,
				D22026071C56263B00A47FE0 /* GradientView.m in Sources */,
				D220261E1C56263B00A47FE0 /* README.md in Sources */,
				D2E92EF51C55CAB80073275C /* StoryModel.swift in Sources */,
				D22026061C56263B00A47FE0 /* UINavigationBar+Awesome.m in Sources */,
				D22026221C56263B00A47FE0 /* NSData+SDDataCache.m in Sources */,
				D220262B1C56263B00A47FE0 /* ZFModalTransitionAnimator.m in Sources */,
				D2E92E591C55B7EA0073275C /* AppDelegate.swift in Sources */,
				D22026291C56263B00A47FE0 /* UIView+SDExtension.m in Sources */,
				D22026211C56263B00A47FE0 /* UICountingLabel.m in Sources */,
				D220260A1C56263B00A47FE0 /* myUILabel.m in Sources */,
				D220261C1C56263B00A47FE0 /* PNScatterChartData.m in Sources */,
				D22026101C56263B00A47FE0 /* PNChartLabel.m in Sources */,
				D220260E1C56263B00A47FE0 /* PNBar.m in Sources */,
				D22026171C56263B00A47FE0 /* PNPieChart.m in Sources */,
				D220260F1C56263B00A47FE0 /* PNBarChart.m in Sources */,
				D22026231C56263B00A47FE0 /* TAAbstractDotView.m in Sources */,
				D22026151C56263B00A47FE0 /* PNLineChartData.m in Sources */,
				D2E92EF81C55D2CB0073275C /* define.swift in Sources */,
				D2E92EF31C55C46B0073275C /* WLDataManager.swift in Sources */,
				D22026081C56263B00A47FE0 /* JSAnimatedImagesView.m in Sources */,
				D22026161C56263B00A47FE0 /* PNLineChartDataItem.m in Sources */,
				D22026131C56263B00A47FE0 /* PNGenericChart.m in Sources */,
				D22026091C56263B00A47FE0 /* MSWeakTimer.m in Sources */,
				D220261B1C56263B00A47FE0 /* PNScatterChart.m in Sources */,
			);
			runOnlyForDeploymentPostprocessing = 0;
		};
/* End PBXSourcesBuildPhase section */

/* Begin PBXVariantGroup section */
		D2E92E5C1C55B7EA0073275C /* Main.storyboard */ = {
			isa = PBXVariantGroup;
			children = (
				D2E92E5D1C55B7EA0073275C /* Base */,
			);
			name = Main.storyboard;
			path = zhihu_swift;
			sourceTree = "<group>";
		};
		D2E92E611C55B7EA0073275C /* LaunchScreen.storyboard */ = {
			isa = PBXVariantGroup;
			children = (
				D2E92E621C55B7EA0073275C /* Base */,
			);
			name = LaunchScreen.storyboard;
			sourceTree = "<group>";
		};
/* End PBXVariantGroup section */

/* Begin XCBuildConfiguration section */
		D2E92E651C55B7EA0073275C /* Debug */ = {
			isa = XCBuildConfiguration;
			buildSettings = {
				ALWAYS_SEARCH_USER_PATHS = NO;
				CLANG_CXX_LANGUAGE_STANDARD = "gnu++0x";
				CLANG_CXX_LIBRARY = "libc++";
				CLANG_ENABLE_MODULES = YES;
				CLANG_ENABLE_OBJC_ARC = YES;
				CLANG_WARN_BOOL_CONVERSION = YES;
				CLANG_WARN_CONSTANT_CONVERSION = YES;
				CLANG_WARN_DIRECT_OBJC_ISA_USAGE = YES_ERROR;
				CLANG_WARN_EMPTY_BODY = YES;
				CLANG_WARN_ENUM_CONVERSION = YES;
				CLANG_WARN_INT_CONVERSION = YES;
				CLANG_WARN_OBJC_ROOT_CLASS = YES_ERROR;
				CLANG_WARN_UNREACHABLE_CODE = YES;
				CLANG_WARN__DUPLICATE_METHOD_MATCH = YES;
				"CODE_SIGN_IDENTITY[sdk=iphoneos*]" = "iPhone Developer";
				COPY_PHASE_STRIP = NO;
				DEBUG_INFORMATION_FORMAT = dwarf;
				ENABLE_STRICT_OBJC_MSGSEND = YES;
				ENABLE_TESTABILITY = YES;
				GCC_C_LANGUAGE_STANDARD = gnu99;
				GCC_DYNAMIC_NO_PIC = NO;
				GCC_NO_COMMON_BLOCKS = YES;
				GCC_OPTIMIZATION_LEVEL = 0;
				GCC_PREPROCESSOR_DEFINITIONS = (
					"DEBUG=1",
					"$(inherited)",
				);
				GCC_WARN_64_TO_32_BIT_CONVERSION = YES;
				GCC_WARN_ABOUT_RETURN_TYPE = YES_ERROR;
				GCC_WARN_UNDECLARED_SELECTOR = YES;
				GCC_WARN_UNINITIALIZED_AUTOS = YES_AGGRESSIVE;
				GCC_WARN_UNUSED_FUNCTION = YES;
				GCC_WARN_UNUSED_VARIABLE = YES;
				IPHONEOS_DEPLOYMENT_TARGET = 9.1;
				MTL_ENABLE_DEBUG_INFO = YES;
				ONLY_ACTIVE_ARCH = YES;
				SDKROOT = iphoneos;
				SWIFT_OPTIMIZATION_LEVEL = "-Onone";
			};
			name = Debug;
		};
		D2E92E661C55B7EA0073275C /* Release */ = {
			isa = XCBuildConfiguration;
			buildSettings = {
				ALWAYS_SEARCH_USER_PATHS = NO;
				CLANG_CXX_LANGUAGE_STANDARD = "gnu++0x";
				CLANG_CXX_LIBRARY = "libc++";
				CLANG_ENABLE_MODULES = YES;
				CLANG_ENABLE_OBJC_ARC = YES;
				CLANG_WARN_BOOL_CONVERSION = YES;
				CLANG_WARN_CONSTANT_CONVERSION = YES;
				CLANG_WARN_DIRECT_OBJC_ISA_USAGE = YES_ERROR;
				CLANG_WARN_EMPTY_BODY = YES;
				CLANG_WARN_ENUM_CONVERSION = YES;
				CLANG_WARN_INT_CONVERSION = YES;
				CLANG_WARN_OBJC_ROOT_CLASS = YES_ERROR;
				CLANG_WARN_UNREACHABLE_CODE = YES;
				CLANG_WARN__DUPLICATE_METHOD_MATCH = YES;
				"CODE_SIGN_IDENTITY[sdk=iphoneos*]" = "iPhone Developer";
				COPY_PHASE_STRIP = NO;
				DEBUG_INFORMATION_FORMAT = "dwarf-with-dsym";
				ENABLE_NS_ASSERTIONS = NO;
				ENABLE_STRICT_OBJC_MSGSEND = YES;
				GCC_C_LANGUAGE_STANDARD = gnu99;
				GCC_NO_COMMON_BLOCKS = YES;
				GCC_WARN_64_TO_32_BIT_CONVERSION = YES;
				GCC_WARN_ABOUT_RETURN_TYPE = YES_ERROR;
				GCC_WARN_UNDECLARED_SELECTOR = YES;
				GCC_WARN_UNINITIALIZED_AUTOS = YES_AGGRESSIVE;
				GCC_WARN_UNUSED_FUNCTION = YES;
				GCC_WARN_UNUSED_VARIABLE = YES;
				IPHONEOS_DEPLOYMENT_TARGET = 9.1;
				MTL_ENABLE_DEBUG_INFO = NO;
				SDKROOT = iphoneos;
				VALIDATE_PRODUCT = YES;
			};
			name = Release;
		};
		D2E92E681C55B7EA0073275C /* Debug */ = {
			isa = XCBuildConfiguration;
			baseConfigurationReference = 7EA67F29D75FA6D85A7BA074 /* Pods.debug.xcconfig */;
			buildSettings = {
				ASSETCATALOG_COMPILER_APPICON_NAME = AppIcon;
				INFOPLIST_FILE = zhihu_swift/Info.plist;
				LD_RUNPATH_SEARCH_PATHS = "$(inherited) @executable_path/Frameworks";
				PRODUCT_BUNDLE_IDENTIFIER = "com.tarena.zhihu-swift";
				PRODUCT_NAME = "$(TARGET_NAME)";
				SWIFT_OBJC_BRIDGING_HEADER = zhihuHeader.h;
			};
			name = Debug;
		};
		D2E92E691C55B7EA0073275C /* Release */ = {
			isa = XCBuildConfiguration;
			baseConfigurationReference = AC3F66249CA70555EBDDB972 /* Pods.release.xcconfig */;
			buildSettings = {
				ASSETCATALOG_COMPILER_APPICON_NAME = AppIcon;
				INFOPLIST_FILE = zhihu_swift/Info.plist;
				LD_RUNPATH_SEARCH_PATHS = "$(inherited) @executable_path/Frameworks";
				PRODUCT_BUNDLE_IDENTIFIER = "com.tarena.zhihu-swift";
				PRODUCT_NAME = "$(TARGET_NAME)";
				SWIFT_OBJC_BRIDGING_HEADER = zhihuHeader.h;
			};
			name = Release;
		};
/* End XCBuildConfiguration section */

/* Begin XCConfigurationList section */
		D2E92E501C55B7EA0073275C /* Build configuration list for PBXProject "zhihu_swift" */ = {
			isa = XCConfigurationList;
			buildConfigurations = (
				D2E92E651C55B7EA0073275C /* Debug */,
				D2E92E661C55B7EA0073275C /* Release */,
			);
			defaultConfigurationIsVisible = 0;
			defaultConfigurationName = Release;
		};
		D2E92E671C55B7EA0073275C /* Build configuration list for PBXNativeTarget "zhihu_swift" */ = {
			isa = XCConfigurationList;
			buildConfigurations = (
				D2E92E681C55B7EA0073275C /* Debug */,
				D2E92E691C55B7EA0073275C /* Release */,
			);
			defaultConfigurationIsVisible = 0;
			defaultConfigurationName = Release;
		};
/* End XCConfigurationList section */
	};
	rootObject = D2E92E4D1C55B7EA0073275C /* Project object */;
}
